// !$*UTF8*$!
{
	archiveVersion = 1;
	classes = {
	};
	objectVersion = 56;
	objects = {

/* Begin PBXBuildFile section */
		A519D2EC2BC76857007CDD40 /* Extension.swift in Sources */ = {isa = PBXBuildFile; fileRef = A519D2EB2BC76857007CDD40 /* Extension.swift */; };
		A519D2EF2BC77386007CDD40 /* Alamofire in Frameworks */ = {isa = PBXBuildFile; productRef = A519D2EE2BC77386007CDD40 /* Alamofire */; };
		A519D2F12BC77386007CDD40 /* AlamofireDynamic in Frameworks */ = {isa = PBXBuildFile; productRef = A519D2F02BC77386007CDD40 /* AlamofireDynamic */; };
		A519D2F82BC77428007CDD40 /* SearchAPI.swift in Sources */ = {isa = PBXBuildFile; fileRef = A519D2F72BC77428007CDD40 /* SearchAPI.swift */; };
		A519D2FB2BC77743007CDD40 /* SearchResult.swift in Sources */ = {isa = PBXBuildFile; fileRef = A519D2FA2BC77743007CDD40 /* SearchResult.swift */; };
		A519D2FF2BC8039D007CDD40 /* SearchCellViewModel.swift in Sources */ = {isa = PBXBuildFile; fileRef = A519D2FE2BC8039D007CDD40 /* SearchCellViewModel.swift */; };
		A54998622BC71AA70059D754 /* AppDelegate.swift in Sources */ = {isa = PBXBuildFile; fileRef = A54998612BC71AA70059D754 /* AppDelegate.swift */; };
		A54998642BC71AA70059D754 /* SceneDelegate.swift in Sources */ = {isa = PBXBuildFile; fileRef = A54998632BC71AA70059D754 /* SceneDelegate.swift */; };
		A549986B2BC71AA90059D754 /* Assets.xcassets in Resources */ = {isa = PBXBuildFile; fileRef = A549986A2BC71AA90059D754 /* Assets.xcassets */; };
		A549986E2BC71AA90059D754 /* Base in Resources */ = {isa = PBXBuildFile; fileRef = A549986D2BC71AA90059D754 /* Base */; };
		A54998762BC71AE20059D754 /* MainTabBarController.swift in Sources */ = {isa = PBXBuildFile; fileRef = A54998752BC71AE20059D754 /* MainTabBarController.swift */; };
		A549987B2BC71D340059D754 /* TodayViewController.swift in Sources */ = {isa = PBXBuildFile; fileRef = A549987A2BC71D340059D754 /* TodayViewController.swift */; };
		A54998802BC71DA40059D754 /* AppViewController.swift in Sources */ = {isa = PBXBuildFile; fileRef = A549987F2BC71DA40059D754 /* AppViewController.swift */; };
		A54998822BC71DB60059D754 /* SearchViewController.swift in Sources */ = {isa = PBXBuildFile; fileRef = A54998812BC71DB60059D754 /* SearchViewController.swift */; };
		A54998882BC72AAE0059D754 /* SearchCell.swift in Sources */ = {isa = PBXBuildFile; fileRef = A54998872BC72AAE0059D754 /* SearchCell.swift */; };
		A5A015CB2BC89FDC008C59D1 /* Kingfisher in Frameworks */ = {isa = PBXBuildFile; productRef = A5A015CA2BC89FDC008C59D1 /* Kingfisher */; };
		A5A015CD2BC8A882008C59D1 /* AppCell.swift in Sources */ = {isa = PBXBuildFile; fileRef = A5A015CC2BC8A882008C59D1 /* AppCell.swift */; };
		A5B77C142BC9FB22009BCC64 /* AppCellController.swift in Sources */ = {isa = PBXBuildFile; fileRef = A5B77C132BC9FB22009BCC64 /* AppCellController.swift */; };
		A5B77C162BC9FFEA009BCC64 /* AppCellDetail.swift in Sources */ = {isa = PBXBuildFile; fileRef = A5B77C152BC9FFEA009BCC64 /* AppCellDetail.swift */; };
		A5B77C182BCA14FF009BCC64 /* AppHeaderView.swift in Sources */ = {isa = PBXBuildFile; fileRef = A5B77C172BCA14FF009BCC64 /* AppHeaderView.swift */; };
		A5B77C1A2BCA181D009BCC64 /* AppHeaderViewController.swift in Sources */ = {isa = PBXBuildFile; fileRef = A5B77C192BCA181D009BCC64 /* AppHeaderViewController.swift */; };
		A5B77C1C2BCA18F9009BCC64 /* AppHeaderViewCell.swift in Sources */ = {isa = PBXBuildFile; fileRef = A5B77C1B2BCA18F9009BCC64 /* AppHeaderViewCell.swift */; };
		A5B77C1E2BCA21AF009BCC64 /* AppService.swift in Sources */ = {isa = PBXBuildFile; fileRef = A5B77C1D2BCA21AF009BCC64 /* AppService.swift */; };
		A5B77C202BCA239B009BCC64 /* AppModel.swift in Sources */ = {isa = PBXBuildFile; fileRef = A5B77C1F2BCA239B009BCC64 /* AppModel.swift */; };
		A5B77C222BCABC4E009BCC64 /* Constant.swift in Sources */ = {isa = PBXBuildFile; fileRef = A5B77C212BCABC4E009BCC64 /* Constant.swift */; };
		A5B77C242BCABD18009BCC64 /* AppCellDetailCellViewModel.swift in Sources */ = {isa = PBXBuildFile; fileRef = A5B77C232BCABD18009BCC64 /* AppCellDetailCellViewModel.swift */; };
		A5B77C262BCAC15B009BCC64 /* AppHeaderModel.swift in Sources */ = {isa = PBXBuildFile; fileRef = A5B77C252BCAC15B009BCC64 /* AppHeaderModel.swift */; };
		A5B77C282BCAC79D009BCC64 /* AppHeaderViewModel.swift in Sources */ = {isa = PBXBuildFile; fileRef = A5B77C272BCAC79D009BCC64 /* AppHeaderViewModel.swift */; };
/* End PBXBuildFile section */

/* Begin PBXFileReference section */
		A519D2EB2BC76857007CDD40 /* Extension.swift */ = {isa = PBXFileReference; lastKnownFileType = sourcecode.swift; path = Extension.swift; sourceTree = "<group>"; };
		A519D2F72BC77428007CDD40 /* SearchAPI.swift */ = {isa = PBXFileReference; lastKnownFileType = sourcecode.swift; path = SearchAPI.swift; sourceTree = "<group>"; };
		A519D2FA2BC77743007CDD40 /* SearchResult.swift */ = {isa = PBXFileReference; lastKnownFileType = sourcecode.swift; path = SearchResult.swift; sourceTree = "<group>"; };
		A519D2FE2BC8039D007CDD40 /* SearchCellViewModel.swift */ = {isa = PBXFileReference; lastKnownFileType = sourcecode.swift; path = SearchCellViewModel.swift; sourceTree = "<group>"; };
		A549985E2BC71AA70059D754 /* app_store.proje.app */ = {isa = PBXFileReference; explicitFileType = wrapper.application; includeInIndex = 0; path = app_store.proje.app; sourceTree = BUILT_PRODUCTS_DIR; };
		A54998612BC71AA70059D754 /* AppDelegate.swift */ = {isa = PBXFileReference; lastKnownFileType = sourcecode.swift; path = AppDelegate.swift; sourceTree = "<group>"; };
		A54998632BC71AA70059D754 /* SceneDelegate.swift */ = {isa = PBXFileReference; lastKnownFileType = sourcecode.swift; path = SceneDelegate.swift; sourceTree = "<group>"; };
		A549986A2BC71AA90059D754 /* Assets.xcassets */ = {isa = PBXFileReference; lastKnownFileType = folder.assetcatalog; path = Assets.xcassets; sourceTree = "<group>"; };
		A549986D2BC71AA90059D754 /* Base */ = {isa = PBXFileReference; lastKnownFileType = file.storyboard; name = Base; path = Base.lproj/LaunchScreen.storyboard; sourceTree = "<group>"; };
		A549986F2BC71AA90059D754 /* Info.plist */ = {isa = PBXFileReference; lastKnownFileType = text.plist.xml; path = Info.plist; sourceTree = "<group>"; };
		A54998752BC71AE20059D754 /* MainTabBarController.swift */ = {isa = PBXFileReference; lastKnownFileType = sourcecode.swift; path = MainTabBarController.swift; sourceTree = "<group>"; };
		A549987A2BC71D340059D754 /* TodayViewController.swift */ = {isa = PBXFileReference; lastKnownFileType = sourcecode.swift; path = TodayViewController.swift; sourceTree = "<group>"; };
		A549987F2BC71DA40059D754 /* AppViewController.swift */ = {isa = PBXFileReference; lastKnownFileType = sourcecode.swift; path = AppViewController.swift; sourceTree = "<group>"; };
		A54998812BC71DB60059D754 /* SearchViewController.swift */ = {isa = PBXFileReference; lastKnownFileType = sourcecode.swift; path = SearchViewController.swift; sourceTree = "<group>"; };
		A54998872BC72AAE0059D754 /* SearchCell.swift */ = {isa = PBXFileReference; lastKnownFileType = sourcecode.swift; path = SearchCell.swift; sourceTree = "<group>"; };
		A5A015CC2BC8A882008C59D1 /* AppCell.swift */ = {isa = PBXFileReference; lastKnownFileType = sourcecode.swift; path = AppCell.swift; sourceTree = "<group>"; };
		A5B77C132BC9FB22009BCC64 /* AppCellController.swift */ = {isa = PBXFileReference; lastKnownFileType = sourcecode.swift; path = AppCellController.swift; sourceTree = "<group>"; };
		A5B77C152BC9FFEA009BCC64 /* AppCellDetail.swift */ = {isa = PBXFileReference; lastKnownFileType = sourcecode.swift; path = AppCellDetail.swift; sourceTree = "<group>"; };
		A5B77C172BCA14FF009BCC64 /* AppHeaderView.swift */ = {isa = PBXFileReference; lastKnownFileType = sourcecode.swift; path = AppHeaderView.swift; sourceTree = "<group>"; };
		A5B77C192BCA181D009BCC64 /* AppHeaderViewController.swift */ = {isa = PBXFileReference; lastKnownFileType = sourcecode.swift; path = AppHeaderViewController.swift; sourceTree = "<group>"; };
		A5B77C1B2BCA18F9009BCC64 /* AppHeaderViewCell.swift */ = {isa = PBXFileReference; lastKnownFileType = sourcecode.swift; path = AppHeaderViewCell.swift; sourceTree = "<group>"; };
		A5B77C1D2BCA21AF009BCC64 /* AppService.swift */ = {isa = PBXFileReference; lastKnownFileType = sourcecode.swift; path = AppService.swift; sourceTree = "<group>"; };
		A5B77C1F2BCA239B009BCC64 /* AppModel.swift */ = {isa = PBXFileReference; lastKnownFileType = sourcecode.swift; path = AppModel.swift; sourceTree = "<group>"; };
		A5B77C212BCABC4E009BCC64 /* Constant.swift */ = {isa = PBXFileReference; lastKnownFileType = sourcecode.swift; path = Constant.swift; sourceTree = "<group>"; };
		A5B77C232BCABD18009BCC64 /* AppCellDetailCellViewModel.swift */ = {isa = PBXFileReference; lastKnownFileType = sourcecode.swift; path = AppCellDetailCellViewModel.swift; sourceTree = "<group>"; };
		A5B77C252BCAC15B009BCC64 /* AppHeaderModel.swift */ = {isa = PBXFileReference; lastKnownFileType = sourcecode.swift; path = AppHeaderModel.swift; sourceTree = "<group>"; };
		A5B77C272BCAC79D009BCC64 /* AppHeaderViewModel.swift */ = {isa = PBXFileReference; lastKnownFileType = sourcecode.swift; path = AppHeaderViewModel.swift; sourceTree = "<group>"; };
/* End PBXFileReference section */

/* Begin PBXFrameworksBuildPhase section */
		A549985B2BC71AA70059D754 /* Frameworks */ = {
			isa = PBXFrameworksBuildPhase;
			buildActionMask = 2147483647;
			files = (
				A5A015CB2BC89FDC008C59D1 /* Kingfisher in Frameworks */,
				A519D2EF2BC77386007CDD40 /* Alamofire in Frameworks */,
				A519D2F12BC77386007CDD40 /* AlamofireDynamic in Frameworks */,
			);
			runOnlyForDeploymentPostprocessing = 0;
		};
/* End PBXFrameworksBuildPhase section */

/* Begin PBXGroup section */
		A54998552BC71AA70059D754 = {
			isa = PBXGroup;
			children = (
				A54998602BC71AA70059D754 /* app_store.proje */,
				A549985F2BC71AA70059D754 /* Products */,
			);
			sourceTree = "<group>";
		};
		A549985F2BC71AA70059D754 /* Products */ = {
			isa = PBXGroup;
			children = (
				A549985E2BC71AA70059D754 /* app_store.proje.app */,
			);
			name = Products;
			sourceTree = "<group>";
		};
		A54998602BC71AA70059D754 /* app_store.proje */ = {
			isa = PBXGroup;
			children = (
				A5AC37162BC89E1B009C95F0 /* Controller */,
				A5AC37152BC89DFB009C95F0 /* View */,
				A5AC37112BC89DAD009C95F0 /* Extension */,
				A5AC37102BC89D96009C95F0 /* Services */,
				A5AC370E2BC89D80009C95F0 /* Model */,
				A5AC370D2BC89D67009C95F0 /* ViewModel */,
				A54998772BC71C500059D754 /* Files */,
			);
			path = app_store.proje;
			sourceTree = "<group>";
		};
		A54998772BC71C500059D754 /* Files */ = {
			isa = PBXGroup;
			children = (
				A549986C2BC71AA90059D754 /* LaunchScreen.storyboard */,
				A549986A2BC71AA90059D754 /* Assets.xcassets */,
				A54998632BC71AA70059D754 /* SceneDelegate.swift */,
				A54998612BC71AA70059D754 /* AppDelegate.swift */,
				A549986F2BC71AA90059D754 /* Info.plist */,
			);
			name = Files;
			sourceTree = "<group>";
		};
		A5AC370D2BC89D67009C95F0 /* ViewModel */ = {
			isa = PBXGroup;
			children = (
				A519D2FE2BC8039D007CDD40 /* SearchCellViewModel.swift */,
				A5B77C232BCABD18009BCC64 /* AppCellDetailCellViewModel.swift */,
				A5B77C272BCAC79D009BCC64 /* AppHeaderViewModel.swift */,
			);
			path = ViewModel;
			sourceTree = "<group>";
		};
		A5AC370E2BC89D80009C95F0 /* Model */ = {
			isa = PBXGroup;
			children = (
				A519D2FA2BC77743007CDD40 /* SearchResult.swift */,
				A5B77C1F2BCA239B009BCC64 /* AppModel.swift */,
				A5B77C252BCAC15B009BCC64 /* AppHeaderModel.swift */,
			);
			path = Model;
			sourceTree = "<group>";
		};
		A5AC37102BC89D96009C95F0 /* Services */ = {
			isa = PBXGroup;
			children = (
				A519D2F72BC77428007CDD40 /* SearchAPI.swift */,
				A5B77C1D2BCA21AF009BCC64 /* AppService.swift */,
			);
			path = Services;
			sourceTree = "<group>";
		};
		A5AC37112BC89DAD009C95F0 /* Extension */ = {
			isa = PBXGroup;
			children = (
				A519D2EB2BC76857007CDD40 /* Extension.swift */,
				A5B77C212BCABC4E009BCC64 /* Constant.swift */,
			);
			path = Extension;
			sourceTree = "<group>";
		};
		A5AC37152BC89DFB009C95F0 /* View */ = {
			isa = PBXGroup;
			children = (
				A54998872BC72AAE0059D754 /* SearchCell.swift */,
				A5A015CC2BC8A882008C59D1 /* AppCell.swift */,
				A5B77C152BC9FFEA009BCC64 /* AppCellDetail.swift */,
				A5B77C172BCA14FF009BCC64 /* AppHeaderView.swift */,
				A5B77C1B2BCA18F9009BCC64 /* AppHeaderViewCell.swift */,
			);
			path = View;
			sourceTree = "<group>";
		};
		A5AC37162BC89E1B009C95F0 /* Controller */ = {
			isa = PBXGroup;
			children = (
				A5B77C122BC9FAED009BCC64 /* App */,
				A54998812BC71DB60059D754 /* SearchViewController.swift */,
				A549987A2BC71D340059D754 /* TodayViewController.swift */,
				A54998752BC71AE20059D754 /* MainTabBarController.swift */,
			);
			path = Controller;
			sourceTree = "<group>";
		};
		A5B77C122BC9FAED009BCC64 /* App */ = {
			isa = PBXGroup;
			children = (
				A549987F2BC71DA40059D754 /* AppViewController.swift */,
				A5B77C132BC9FB22009BCC64 /* AppCellController.swift */,
				A5B77C192BCA181D009BCC64 /* AppHeaderViewController.swift */,
			);
			path = App;
			sourceTree = "<group>";
		};
/* End PBXGroup section */

/* Begin PBXNativeTarget section */
		A549985D2BC71AA70059D754 /* app_store.proje */ = {
			isa = PBXNativeTarget;
			buildConfigurationList = A54998722BC71AA90059D754 /* Build configuration list for PBXNativeTarget "app_store.proje" */;
			buildPhases = (
				A549985A2BC71AA70059D754 /* Sources */,
				A549985B2BC71AA70059D754 /* Frameworks */,
				A549985C2BC71AA70059D754 /* Resources */,
			);
			buildRules = (
			);
			dependencies = (
			);
			name = app_store.proje;
			packageProductDependencies = (
				A519D2EE2BC77386007CDD40 /* Alamofire */,
				A519D2F02BC77386007CDD40 /* AlamofireDynamic */,
				A5A015CA2BC89FDC008C59D1 /* Kingfisher */,
			);
			productName = app_store.proje;
			productReference = A549985E2BC71AA70059D754 /* app_store.proje.app */;
			productType = "com.apple.product-type.application";
		};
/* End PBXNativeTarget section */

/* Begin PBXProject section */
		A54998562BC71AA70059D754 /* Project object */ = {
			isa = PBXProject;
			attributes = {
				BuildIndependentTargetsInParallel = 1;
				LastSwiftUpdateCheck = 1530;
				LastUpgradeCheck = 1530;
				TargetAttributes = {
					A549985D2BC71AA70059D754 = {
						CreatedOnToolsVersion = 15.3;
					};
				};
			};
			buildConfigurationList = A54998592BC71AA70059D754 /* Build configuration list for PBXProject "app_store.proje" */;
			compatibilityVersion = "Xcode 14.0";
			developmentRegion = en;
			hasScannedForEncodings = 0;
			knownRegions = (
				en,
				Base,
			);
			mainGroup = A54998552BC71AA70059D754;
			packageReferences = (
				A519D2ED2BC77386007CDD40 /* XCRemoteSwiftPackageReference "Alamofire" */,
				A5A015C92BC89FDC008C59D1 /* XCRemoteSwiftPackageReference "Kingfisher" */,
			);
			productRefGroup = A549985F2BC71AA70059D754 /* Products */;
			projectDirPath = "";
			projectRoot = "";
			targets = (
				A549985D2BC71AA70059D754 /* app_store.proje */,
			);
		};
/* End PBXProject section */

/* Begin PBXResourcesBuildPhase section */
		A549985C2BC71AA70059D754 /* Resources */ = {
			isa = PBXResourcesBuildPhase;
			buildActionMask = 2147483647;
			files = (
				A549986B2BC71AA90059D754 /* Assets.xcassets in Resources */,
				A549986E2BC71AA90059D754 /* Base in Resources */,
			);
			runOnlyForDeploymentPostprocessing = 0;
		};
/* End PBXResourcesBuildPhase section */

/* Begin PBXSourcesBuildPhase section */
		A549985A2BC71AA70059D754 /* Sources */ = {
			isa = PBXSourcesBuildPhase;
			buildActionMask = 2147483647;
			files = (
				A54998822BC71DB60059D754 /* SearchViewController.swift in Sources */,
				A5B77C1E2BCA21AF009BCC64 /* AppService.swift in Sources */,
				A5B77C1A2BCA181D009BCC64 /* AppHeaderViewController.swift in Sources */,
				A54998802BC71DA40059D754 /* AppViewController.swift in Sources */,
				A5B77C1C2BCA18F9009BCC64 /* AppHeaderViewCell.swift in Sources */,
				A5B77C162BC9FFEA009BCC64 /* AppCellDetail.swift in Sources */,
				A519D2FB2BC77743007CDD40 /* SearchResult.swift in Sources */,
				A5B77C242BCABD18009BCC64 /* AppCellDetailCellViewModel.swift in Sources */,
				A5B77C222BCABC4E009BCC64 /* Constant.swift in Sources */,
				A549987B2BC71D340059D754 /* TodayViewController.swift in Sources */,
				A5B77C262BCAC15B009BCC64 /* AppHeaderModel.swift in Sources */,
				A54998882BC72AAE0059D754 /* SearchCell.swift in Sources */,
				A5B77C282BCAC79D009BCC64 /* AppHeaderViewModel.swift in Sources */,
				A54998622BC71AA70059D754 /* AppDelegate.swift in Sources */,
				A54998762BC71AE20059D754 /* MainTabBarController.swift in Sources */,
				A5B77C202BCA239B009BCC64 /* AppModel.swift in Sources */,
				A54998642BC71AA70059D754 /* SceneDelegate.swift in Sources */,
				A519D2FF2BC8039D007CDD40 /* SearchCellViewModel.swift in Sources */,
				A5B77C182BCA14FF009BCC64 /* AppHeaderView.swift in Sources */,
				A5B77C142BC9FB22009BCC64 /* AppCellController.swift in Sources */,
				A5A015CD2BC8A882008C59D1 /* AppCell.swift in Sources */,
				A519D2EC2BC76857007CDD40 /* Extension.swift in Sources */,
				A519D2F82BC77428007CDD40 /* SearchAPI.swift in Sources */,
			);
			runOnlyForDeploymentPostprocessing = 0;
		};
/* End PBXSourcesBuildPhase section */

/* Begin PBXVariantGroup section */
		A549986C2BC71AA90059D754 /* LaunchScreen.storyboard */ = {
			isa = PBXVariantGroup;
			children = (
				A549986D2BC71AA90059D754 /* Base */,
			);
			name = LaunchScreen.storyboard;
			sourceTree = "<group>";
		};
/* End PBXVariantGroup section */

/* Begin XCBuildConfiguration section */
		A54998702BC71AA90059D754 /* Debug */ = {
			isa = XCBuildConfiguration;
			buildSettings = {
				ALWAYS_SEARCH_USER_PATHS = NO;
				ASSETCATALOG_COMPILER_GENERATE_SWIFT_ASSET_SYMBOL_EXTENSIONS = YES;
				CLANG_ANALYZER_NONNULL = YES;
				CLANG_ANALYZER_NUMBER_OBJECT_CONVERSION = YES_AGGRESSIVE;
				CLANG_CXX_LANGUAGE_STANDARD = "gnu++20";
				CLANG_ENABLE_MODULES = YES;
				CLANG_ENABLE_OBJC_ARC = YES;
				CLANG_ENABLE_OBJC_WEAK = YES;
				CLANG_WARN_BLOCK_CAPTURE_AUTORELEASING = YES;
				CLANG_WARN_BOOL_CONVERSION = YES;
				CLANG_WARN_COMMA = YES;
				CLANG_WARN_CONSTANT_CONVERSION = YES;
				CLANG_WARN_DEPRECATED_OBJC_IMPLEMENTATIONS = YES;
				CLANG_WARN_DIRECT_OBJC_ISA_USAGE = YES_ERROR;
				CLANG_WARN_DOCUMENTATION_COMMENTS = YES;
				CLANG_WARN_EMPTY_BODY = YES;
				CLANG_WARN_ENUM_CONVERSION = YES;
				CLANG_WARN_INFINITE_RECURSION = YES;
				CLANG_WARN_INT_CONVERSION = YES;
				CLANG_WARN_NON_LITERAL_NULL_CONVERSION = YES;
				CLANG_WARN_OBJC_IMPLICIT_RETAIN_SELF = YES;
				CLANG_WARN_OBJC_LITERAL_CONVERSION = YES;
				CLANG_WARN_OBJC_ROOT_CLASS = YES_ERROR;
				CLANG_WARN_QUOTED_INCLUDE_IN_FRAMEWORK_HEADER = YES;
				CLANG_WARN_RANGE_LOOP_ANALYSIS = YES;
				CLANG_WARN_STRICT_PROTOTYPES = YES;
				CLANG_WARN_SUSPICIOUS_MOVE = YES;
				CLANG_WARN_UNGUARDED_AVAILABILITY = YES_AGGRESSIVE;
				CLANG_WARN_UNREACHABLE_CODE = YES;
				CLANG_WARN__DUPLICATE_METHOD_MATCH = YES;
				COPY_PHASE_STRIP = NO;
				DEBUG_INFORMATION_FORMAT = dwarf;
				ENABLE_STRICT_OBJC_MSGSEND = YES;
				ENABLE_TESTABILITY = YES;
				ENABLE_USER_SCRIPT_SANDBOXING = YES;
				GCC_C_LANGUAGE_STANDARD = gnu17;
				GCC_DYNAMIC_NO_PIC = NO;
				GCC_NO_COMMON_BLOCKS = YES;
				GCC_OPTIMIZATION_LEVEL = 0;
				GCC_PREPROCESSOR_DEFINITIONS = (
					"DEBUG=1",
					"$(inherited)",
				);
				GCC_WARN_64_TO_32_BIT_CONVERSION = YES;
				GCC_WARN_ABOUT_RETURN_TYPE = YES_ERROR;
				GCC_WARN_UNDECLARED_SELECTOR = YES;
				GCC_WARN_UNINITIALIZED_AUTOS = YES_AGGRESSIVE;
				GCC_WARN_UNUSED_FUNCTION = YES;
				GCC_WARN_UNUSED_VARIABLE = YES;
				IPHONEOS_DEPLOYMENT_TARGET = 17.4;
				LOCALIZATION_PREFERS_STRING_CATALOGS = YES;
				MTL_ENABLE_DEBUG_INFO = INCLUDE_SOURCE;
				MTL_FAST_MATH = YES;
				ONLY_ACTIVE_ARCH = YES;
				SDKROOT = iphoneos;
				SWIFT_ACTIVE_COMPILATION_CONDITIONS = "DEBUG $(inherited)";
				SWIFT_OPTIMIZATION_LEVEL = "-Onone";
			};
			name = Debug;
		};
		A54998712BC71AA90059D754 /* Release */ = {
			isa = XCBuildConfiguration;
			buildSettings = {
				ALWAYS_SEARCH_USER_PATHS = NO;
				ASSETCATALOG_COMPILER_GENERATE_SWIFT_ASSET_SYMBOL_EXTENSIONS = YES;
				CLANG_ANALYZER_NONNULL = YES;
				CLANG_ANALYZER_NUMBER_OBJECT_CONVERSION = YES_AGGRESSIVE;
				CLANG_CXX_LANGUAGE_STANDARD = "gnu++20";
				CLANG_ENABLE_MODULES = YES;
				CLANG_ENABLE_OBJC_ARC = YES;
				CLANG_ENABLE_OBJC_WEAK = YES;
				CLANG_WARN_BLOCK_CAPTURE_AUTORELEASING = YES;
				CLANG_WARN_BOOL_CONVERSION = YES;
				CLANG_WARN_COMMA = YES;
				CLANG_WARN_CONSTANT_CONVERSION = YES;
				CLANG_WARN_DEPRECATED_OBJC_IMPLEMENTATIONS = YES;
				CLANG_WARN_DIRECT_OBJC_ISA_USAGE = YES_ERROR;
				CLANG_WARN_DOCUMENTATION_COMMENTS = YES;
				CLANG_WARN_EMPTY_BODY = YES;
				CLANG_WARN_ENUM_CONVERSION = YES;
				CLANG_WARN_INFINITE_RECURSION = YES;
				CLANG_WARN_INT_CONVERSION = YES;
				CLANG_WARN_NON_LITERAL_NULL_CONVERSION = YES;
				CLANG_WARN_OBJC_IMPLICIT_RETAIN_SELF = YES;
				CLANG_WARN_OBJC_LITERAL_CONVERSION = YES;
				CLANG_WARN_OBJC_ROOT_CLASS = YES_ERROR;
				CLANG_WARN_QUOTED_INCLUDE_IN_FRAMEWORK_HEADER = YES;
				CLANG_WARN_RANGE_LOOP_ANALYSIS = YES;
				CLANG_WARN_STRICT_PROTOTYPES = YES;
				CLANG_WARN_SUSPICIOUS_MOVE = YES;
				CLANG_WARN_UNGUARDED_AVAILABILITY = YES_AGGRESSIVE;
				CLANG_WARN_UNREACHABLE_CODE = YES;
				CLANG_WARN__DUPLICATE_METHOD_MATCH = YES;
				COPY_PHASE_STRIP = NO;
				DEBUG_INFORMATION_FORMAT = "dwarf-with-dsym";
				ENABLE_NS_ASSERTIONS = NO;
				ENABLE_STRICT_OBJC_MSGSEND = YES;
				ENABLE_USER_SCRIPT_SANDBOXING = YES;
				GCC_C_LANGUAGE_STANDARD = gnu17;
				GCC_NO_COMMON_BLOCKS = YES;
				GCC_WARN_64_TO_32_BIT_CONVERSION = YES;
				GCC_WARN_ABOUT_RETURN_TYPE = YES_ERROR;
				GCC_WARN_UNDECLARED_SELECTOR = YES;
				GCC_WARN_UNINITIALIZED_AUTOS = YES_AGGRESSIVE;
				GCC_WARN_UNUSED_FUNCTION = YES;
				GCC_WARN_UNUSED_VARIABLE = YES;
				IPHONEOS_DEPLOYMENT_TARGET = 17.4;
				LOCALIZATION_PREFERS_STRING_CATALOGS = YES;
				MTL_ENABLE_DEBUG_INFO = NO;
				MTL_FAST_MATH = YES;
				SDKROOT = iphoneos;
				SWIFT_COMPILATION_MODE = wholemodule;
				VALIDATE_PRODUCT = YES;
			};
			name = Release;
		};
		A54998732BC71AA90059D754 /* Debug */ = {
			isa = XCBuildConfiguration;
			buildSettings = {
				ASSETCATALOG_COMPILER_APPICON_NAME = AppIcon;
				ASSETCATALOG_COMPILER_GLOBAL_ACCENT_COLOR_NAME = AccentColor;
				CODE_SIGN_STYLE = Automatic;
				CURRENT_PROJECT_VERSION = 1;
				DEVELOPMENT_TEAM = 24499S849C;
				GENERATE_INFOPLIST_FILE = YES;
				INFOPLIST_FILE = app_store.proje/Info.plist;
				INFOPLIST_KEY_UIApplicationSupportsIndirectInputEvents = YES;
				INFOPLIST_KEY_UILaunchStoryboardName = LaunchScreen;
				INFOPLIST_KEY_UIMainStoryboardFile = "";
				INFOPLIST_KEY_UISupportedInterfaceOrientations_iPad = "UIInterfaceOrientationPortrait UIInterfaceOrientationPortraitUpsideDown UIInterfaceOrientationLandscapeLeft UIInterfaceOrientationLandscapeRight";
				INFOPLIST_KEY_UISupportedInterfaceOrientations_iPhone = "UIInterfaceOrientationPortrait UIInterfaceOrientationLandscapeLeft UIInterfaceOrientationLandscapeRight";
				IPHONEOS_DEPLOYMENT_TARGET = 15.0;
				LD_RUNPATH_SEARCH_PATHS = (
					"$(inherited)",
					"@executable_path/Frameworks",
				);
				MARKETING_VERSION = 1.0;
				PRODUCT_BUNDLE_IDENTIFIER = "com.teyfikyilmaz.app-store-proje";
				PRODUCT_NAME = "$(TARGET_NAME)";
				SWIFT_EMIT_LOC_STRINGS = YES;
				SWIFT_VERSION = 5.0;
				TARGETED_DEVICE_FAMILY = "1,2";
			};
			name = Debug;
		};
		A54998742BC71AA90059D754 /* Release */ = {
			isa = XCBuildConfiguration;
			buildSettings = {
				ASSETCATALOG_COMPILER_APPICON_NAME = AppIcon;
				ASSETCATALOG_COMPILER_GLOBAL_ACCENT_COLOR_NAME = AccentColor;
				CODE_SIGN_STYLE = Automatic;
				CURRENT_PROJECT_VERSION = 1;
				DEVELOPMENT_TEAM = 24499S849C;
				GENERATE_INFOPLIST_FILE = YES;
				INFOPLIST_FILE = app_store.proje/Info.plist;
				INFOPLIST_KEY_UIApplicationSupportsIndirectInputEvents = YES;
				INFOPLIST_KEY_UILaunchStoryboardName = LaunchScreen;
				INFOPLIST_KEY_UIMainStoryboardFile = "";
				INFOPLIST_KEY_UISupportedInterfaceOrientations_iPad = "UIInterfaceOrientationPortrait UIInterfaceOrientationPortraitUpsideDown UIInterfaceOrientationLandscapeLeft UIInterfaceOrientationLandscapeRight";
				INFOPLIST_KEY_UISupportedInterfaceOrientations_iPhone = "UIInterfaceOrientationPortrait UIInterfaceOrientationLandscapeLeft UIInterfaceOrientationLandscapeRight";
				IPHONEOS_DEPLOYMENT_TARGET = 15.0;
				LD_RUNPATH_SEARCH_PATHS = (
					"$(inherited)",
					"@executable_path/Frameworks",
				);
				MARKETING_VERSION = 1.0;
				PRODUCT_BUNDLE_IDENTIFIER = "com.teyfikyilmaz.app-store-proje";
				PRODUCT_NAME = "$(TARGET_NAME)";
				SWIFT_EMIT_LOC_STRINGS = YES;
				SWIFT_VERSION = 5.0;
				TARGETED_DEVICE_FAMILY = "1,2";
			};
			name = Release;
		};
/* End XCBuildConfiguration section */

/* Begin XCConfigurationList section */
		A54998592BC71AA70059D754 /* Build configuration list for PBXProject "app_store.proje" */ = {
			isa = XCConfigurationList;
			buildConfigurations = (
				A54998702BC71AA90059D754 /* Debug */,
				A54998712BC71AA90059D754 /* Release */,
			);
			defaultConfigurationIsVisible = 0;
			defaultConfigurationName = Release;
		};
		A54998722BC71AA90059D754 /* Build configuration list for PBXNativeTarget "app_store.proje" */ = {
			isa = XCConfigurationList;
			buildConfigurations = (
				A54998732BC71AA90059D754 /* Debug */,
				A54998742BC71AA90059D754 /* Release */,
			);
			defaultConfigurationIsVisible = 0;
			defaultConfigurationName = Release;
		};
/* End XCConfigurationList section */

/* Begin XCRemoteSwiftPackageReference section */
		A519D2ED2BC77386007CDD40 /* XCRemoteSwiftPackageReference "Alamofire" */ = {
			isa = XCRemoteSwiftPackageReference;
			repositoryURL = "https://github.com/Alamofire/Alamofire.git";
			requirement = {
				kind = upToNextMajorVersion;
				minimumVersion = 5.9.1;
			};
		};
		A5A015C92BC89FDC008C59D1 /* XCRemoteSwiftPackageReference "Kingfisher" */ = {
			isa = XCRemoteSwiftPackageReference;
			repositoryURL = "https://github.com/onevcat/Kingfisher.git";
			requirement = {
				kind = upToNextMajorVersion;
				minimumVersion = 7.11.0;
			};
		};
/* End XCRemoteSwiftPackageReference section */

/* Begin XCSwiftPackageProductDependency section */
		A519D2EE2BC77386007CDD40 /* Alamofire */ = {
			isa = XCSwiftPackageProductDependency;
			package = A519D2ED2BC77386007CDD40 /* XCRemoteSwiftPackageReference "Alamofire" */;
			productName = Alamofire;
		};
		A519D2F02BC77386007CDD40 /* AlamofireDynamic */ = {
			isa = XCSwiftPackageProductDependency;
			package = A519D2ED2BC77386007CDD40 /* XCRemoteSwiftPackageReference "Alamofire" */;
			productName = AlamofireDynamic;
		};
		A5A015CA2BC89FDC008C59D1 /* Kingfisher */ = {
			isa = XCSwiftPackageProductDependency;
			package = A5A015C92BC89FDC008C59D1 /* XCRemoteSwiftPackageReference "Kingfisher" */;
			productName = Kingfisher;
		};
/* End XCSwiftPackageProductDependency section */
	};
	rootObject = A54998562BC71AA70059D754 /* Project object */;
}
