// !$*UTF8*$!
{
	archiveVersion = 1;
	classes = {
	};
	objectVersion = 56;
	objects = {

/* Begin PBXBuildFile section */
		A519D2EC2BC76857007CDD40 /* Extension.swift in Sources */ = {isa = PBXBuildFile; fileRef = A519D2EB2BC76857007CDD40 /* Extension.swift */; };
		A54998622BC71AA70059D754 /* AppDelegate.swift in Sources */ = {isa = PBXBuildFile; fileRef = A54998612BC71AA70059D754 /* AppDelegate.swift */; };
		A54998642BC71AA70059D754 /* SceneDelegate.swift in Sources */ = {isa = PBXBuildFile; fileRef = A54998632BC71AA70059D754 /* SceneDelegate.swift */; };
		A549986B2BC71AA90059D754 /* Assets.xcassets in Resources */ = {isa = PBXBuildFile; fileRef = A549986A2BC71AA90059D754 /* Assets.xcassets */; };
		A549986E2BC71AA90059D754 /* Base in Resources */ = {isa = PBXBuildFile; fileRef = A549986D2BC71AA90059D754 /* Base */; };
		A54998762BC71AE20059D754 /* MainTabBarController.swift in Sources */ = {isa = PBXBuildFile; fileRef = A54998752BC71AE20059D754 /* MainTabBarController.swift */; };
		A549987B2BC71D340059D754 /* TodayViewController.swift in Sources */ = {isa = PBXBuildFile; fileRef = A549987A2BC71D340059D754 /* TodayViewController.swift */; };
		A54998802BC71DA40059D754 /* AppViewController.swift in Sources */ = {isa = PBXBuildFile; fileRef = A549987F2BC71DA40059D754 /* AppViewController.swift */; };
		A54998822BC71DB60059D754 /* SearchViewController.swift in Sources */ = {isa = PBXBuildFile; fileRef = A54998812BC71DB60059D754 /* SearchViewController.swift */; };
		A54998882BC72AAE0059D754 /* SearchCell.swift in Sources */ = {isa = PBXBuildFile; fileRef = A54998872BC72AAE0059D754 /* SearchCell.swift */; };
/* End PBXBuildFile section */

/* Begin PBXFileReference section */
		A519D2EB2BC76857007CDD40 /* Extension.swift */ = {isa = PBXFileReference; lastKnownFileType = sourcecode.swift; path = Extension.swift; sourceTree = "<group>"; };
		A549985E2BC71AA70059D754 /* app_store.proje.app */ = {isa = PBXFileReference; explicitFileType = wrapper.application; includeInIndex = 0; path = app_store.proje.app; sourceTree = BUILT_PRODUCTS_DIR; };
		A54998612BC71AA70059D754 /* AppDelegate.swift */ = {isa = PBXFileReference; lastKnownFileType = sourcecode.swift; path = AppDelegate.swift; sourceTree = "<group>"; };
		A54998632BC71AA70059D754 /* SceneDelegate.swift */ = {isa = PBXFileReference; lastKnownFileType = sourcecode.swift; path = SceneDelegate.swift; sourceTree = "<group>"; };
		A549986A2BC71AA90059D754 /* Assets.xcassets */ = {isa = PBXFileReference; lastKnownFileType = folder.assetcatalog; path = Assets.xcassets; sourceTree = "<group>"; };
		A549986D2BC71AA90059D754 /* Base */ = {isa = PBXFileReference; lastKnownFileType = file.storyboard; name = Base; path = Base.lproj/LaunchScreen.storyboard; sourceTree = "<group>"; };
		A549986F2BC71AA90059D754 /* Info.plist */ = {isa = PBXFileReference; lastKnownFileType = text.plist.xml; path = Info.plist; sourceTree = "<group>"; };
		A54998752BC71AE20059D754 /* MainTabBarController.swift */ = {isa = PBXFileReference; lastKnownFileType = sourcecode.swift; path = MainTabBarController.swift; sourceTree = "<group>"; };
		A549987A2BC71D340059D754 /* TodayViewController.swift */ = {isa = PBXFileReference; lastKnownFileType = sourcecode.swift; path = TodayViewController.swift; sourceTree = "<group>"; };
		A549987F2BC71DA40059D754 /* AppViewController.swift */ = {isa = PBXFileReference; lastKnownFileType = sourcecode.swift; path = AppViewController.swift; sourceTree = "<group>"; };
		A54998812BC71DB60059D754 /* SearchViewController.swift */ = {isa = PBXFileReference; lastKnownFileType = sourcecode.swift; path = SearchViewController.swift; sourceTree = "<group>"; };
		A54998872BC72AAE0059D754 /* SearchCell.swift */ = {isa = PBXFileReference; lastKnownFileType = sourcecode.swift; path = SearchCell.swift; sourceTree = "<group>"; };
/* End PBXFileReference section */

/* Begin PBXFrameworksBuildPhase section */
		A549985B2BC71AA70059D754 /* Frameworks */ = {
			isa = PBXFrameworksBuildPhase;
			buildActionMask = 2147483647;
			files = (
			);
			runOnlyForDeploymentPostprocessing = 0;
		};
/* End PBXFrameworksBuildPhase section */

/* Begin PBXGroup section */
		A519D2EA2BC76846007CDD40 /* extensions */ = {
			isa = PBXGroup;
			children = (
				A519D2EB2BC76857007CDD40 /* Extension.swift */,
			);
			name = extensions;
			sourceTree = "<group>";
		};
		A54998552BC71AA70059D754 = {
			isa = PBXGroup;
			children = (
				A54998602BC71AA70059D754 /* app_store.proje */,
				A549985F2BC71AA70059D754 /* Products */,
			);
			sourceTree = "<group>";
		};
		A549985F2BC71AA70059D754 /* Products */ = {
			isa = PBXGroup;
			children = (
				A549985E2BC71AA70059D754 /* app_store.proje.app */,
			);
			name = Products;
			sourceTree = "<group>";
		};
		A54998602BC71AA70059D754 /* app_store.proje */ = {
			isa = PBXGroup;
			children = (
				A519D2EA2BC76846007CDD40 /* extensions */,
				A54998852BC72A8F0059D754 /* View */,
				A54998782BC71C9D0059D754 /* Controller */,
				A54998772BC71C500059D754 /* Files */,
			);
			path = app_store.proje;
			sourceTree = "<group>";
		};
		A54998772BC71C500059D754 /* Files */ = {
			isa = PBXGroup;
			children = (
				A549986C2BC71AA90059D754 /* LaunchScreen.storyboard */,
				A549986A2BC71AA90059D754 /* Assets.xcassets */,
				A54998632BC71AA70059D754 /* SceneDelegate.swift */,
				A54998612BC71AA70059D754 /* AppDelegate.swift */,
				A549986F2BC71AA90059D754 /* Info.plist */,
			);
			name = Files;
			sourceTree = "<group>";
		};
		A54998782BC71C9D0059D754 /* Controller */ = {
			isa = PBXGroup;
			children = (
				A54998752BC71AE20059D754 /* MainTabBarController.swift */,
				A549987A2BC71D340059D754 /* TodayViewController.swift */,
				A549987F2BC71DA40059D754 /* AppViewController.swift */,
				A54998812BC71DB60059D754 /* SearchViewController.swift */,
			);
			name = Controller;
			sourceTree = "<group>";
		};
		A54998852BC72A8F0059D754 /* View */ = {
			isa = PBXGroup;
			children = (
				A54998872BC72AAE0059D754 /* SearchCell.swift */,
			);
			name = View;
			sourceTree = "<group>";
		};
/* End PBXGroup section */

/* Begin PBXNativeTarget section */
		A549985D2BC71AA70059D754 /* app_store.proje */ = {
			isa = PBXNativeTarget;
			buildConfigurationList = A54998722BC71AA90059D754 /* Build configuration list for PBXNativeTarget "app_store.proje" */;
			buildPhases = (
				A549985A2BC71AA70059D754 /* Sources */,
				A549985B2BC71AA70059D754 /* Frameworks */,
				A549985C2BC71AA70059D754 /* Resources */,
			);
			buildRules = (
			);
			dependencies = (
			);
			name = app_store.proje;
			productName = app_store.proje;
			productReference = A549985E2BC71AA70059D754 /* app_store.proje.app */;
			productType = "com.apple.product-type.application";
		};
/* End PBXNativeTarget section */

/* Begin PBXProject section */
		A54998562BC71AA70059D754 /* Project object */ = {
			isa = PBXProject;
			attributes = {
				BuildIndependentTargetsInParallel = 1;
				LastSwiftUpdateCheck = 1530;
				LastUpgradeCheck = 1530;
				TargetAttributes = {
					A549985D2BC71AA70059D754 = {
						CreatedOnToolsVersion = 15.3;
					};
				};
			};
			buildConfigurationList = A54998592BC71AA70059D754 /* Build configuration list for PBXProject "app_store.proje" */;
			compatibilityVersion = "Xcode 14.0";
			developmentRegion = en;
			hasScannedForEncodings = 0;
			knownRegions = (
				en,
				Base,
			);
			mainGroup = A54998552BC71AA70059D754;
			productRefGroup = A549985F2BC71AA70059D754 /* Products */;
			projectDirPath = "";
			projectRoot = "";
			targets = (
				A549985D2BC71AA70059D754 /* app_store.proje */,
			);
		};
/* End PBXProject section */

/* Begin PBXResourcesBuildPhase section */
		A549985C2BC71AA70059D754 /* Resources */ = {
			isa = PBXResourcesBuildPhase;
			buildActionMask = 2147483647;
			files = (
				A549986B2BC71AA90059D754 /* Assets.xcassets in Resources */,
				A549986E2BC71AA90059D754 /* Base in Resources */,
			);
			runOnlyForDeploymentPostprocessing = 0;
		};
/* End PBXResourcesBuildPhase section */

/* Begin PBXSourcesBuildPhase section */
		A549985A2BC71AA70059D754 /* Sources */ = {
			isa = PBXSourcesBuildPhase;
			buildActionMask = 2147483647;
			files = (
				A54998822BC71DB60059D754 /* SearchViewController.swift in Sources */,
				A54998802BC71DA40059D754 /* AppViewController.swift in Sources */,
				A549987B2BC71D340059D754 /* TodayViewController.swift in Sources */,
				A54998882BC72AAE0059D754 /* SearchCell.swift in Sources */,
				A54998622BC71AA70059D754 /* AppDelegate.swift in Sources */,
				A54998762BC71AE20059D754 /* MainTabBarController.swift in Sources */,
				A54998642BC71AA70059D754 /* SceneDelegate.swift in Sources */,
				A519D2EC2BC76857007CDD40 /* Extension.swift in Sources */,
			);
			runOnlyForDeploymentPostprocessing = 0;
		};
/* End PBXSourcesBuildPhase section */

/* Begin PBXVariantGroup section */
		A549986C2BC71AA90059D754 /* LaunchScreen.storyboard */ = {
			isa = PBXVariantGroup;
			children = (
				A549986D2BC71AA90059D754 /* Base */,
			);
			name = LaunchScreen.storyboard;
			sourceTree = "<group>";
		};
/* End PBXVariantGroup section */

/* Begin XCBuildConfiguration section */
		A54998702BC71AA90059D754 /* Debug */ = {
			isa = XCBuildConfiguration;
			buildSettings = {
				ALWAYS_SEARCH_USER_PATHS = NO;
				ASSETCATALOG_COMPILER_GENERATE_SWIFT_ASSET_SYMBOL_EXTENSIONS = YES;
				CLANG_ANALYZER_NONNULL = YES;
				CLANG_ANALYZER_NUMBER_OBJECT_CONVERSION = YES_AGGRESSIVE;
				CLANG_CXX_LANGUAGE_STANDARD = "gnu++20";
				CLANG_ENABLE_MODULES = YES;
				CLANG_ENABLE_OBJC_ARC = YES;
				CLANG_ENABLE_OBJC_WEAK = YES;
				CLANG_WARN_BLOCK_CAPTURE_AUTORELEASING = YES;
				CLANG_WARN_BOOL_CONVERSION = YES;
				CLANG_WARN_COMMA = YES;
				CLANG_WARN_CONSTANT_CONVERSION = YES;
				CLANG_WARN_DEPRECATED_OBJC_IMPLEMENTATIONS = YES;
				CLANG_WARN_DIRECT_OBJC_ISA_USAGE = YES_ERROR;
				CLANG_WARN_DOCUMENTATION_COMMENTS = YES;
				CLANG_WARN_EMPTY_BODY = YES;
				CLANG_WARN_ENUM_CONVERSION = YES;
				CLANG_WARN_INFINITE_RECURSION = YES;
				CLANG_WARN_INT_CONVERSION = YES;
				CLANG_WARN_NON_LITERAL_NULL_CONVERSION = YES;
				CLANG_WARN_OBJC_IMPLICIT_RETAIN_SELF = YES;
				CLANG_WARN_OBJC_LITERAL_CONVERSION = YES;
				CLANG_WARN_OBJC_ROOT_CLASS = YES_ERROR;
				CLANG_WARN_QUOTED_INCLUDE_IN_FRAMEWORK_HEADER = YES;
				CLANG_WARN_RANGE_LOOP_ANALYSIS = YES;
				CLANG_WARN_STRICT_PROTOTYPES = YES;
				CLANG_WARN_SUSPICIOUS_MOVE = YES;
				CLANG_WARN_UNGUARDED_AVAILABILITY = YES_AGGRESSIVE;
				CLANG_WARN_UNREACHABLE_CODE = YES;
				CLANG_WARN__DUPLICATE_METHOD_MATCH = YES;
				COPY_PHASE_STRIP = NO;
				DEBUG_INFORMATION_FORMAT = dwarf;
				ENABLE_STRICT_OBJC_MSGSEND = YES;
				ENABLE_TESTABILITY = YES;
				ENABLE_USER_SCRIPT_SANDBOXING = YES;
				GCC_C_LANGUAGE_STANDARD = gnu17;
				GCC_DYNAMIC_NO_PIC = NO;
				GCC_NO_COMMON_BLOCKS = YES;
				GCC_OPTIMIZATION_LEVEL = 0;
				GCC_PREPROCESSOR_DEFINITIONS = (
					"DEBUG=1",
					"$(inherited)",
				);
				GCC_WARN_64_TO_32_BIT_CONVERSION = YES;
				GCC_WARN_ABOUT_RETURN_TYPE = YES_ERROR;
				GCC_WARN_UNDECLARED_SELECTOR = YES;
				GCC_WARN_UNINITIALIZED_AUTOS = YES_AGGRESSIVE;
				GCC_WARN_UNUSED_FUNCTION = YES;
				GCC_WARN_UNUSED_VARIABLE = YES;
				IPHONEOS_DEPLOYMENT_TARGET = 17.4;
				LOCALIZATION_PREFERS_STRING_CATALOGS = YES;
				MTL_ENABLE_DEBUG_INFO = INCLUDE_SOURCE;
				MTL_FAST_MATH = YES;
				ONLY_ACTIVE_ARCH = YES;
				SDKROOT = iphoneos;
				SWIFT_ACTIVE_COMPILATION_CONDITIONS = "DEBUG $(inherited)";
				SWIFT_OPTIMIZATION_LEVEL = "-Onone";
			};
			name = Debug;
		};
		A54998712BC71AA90059D754 /* Release */ = {
			isa = XCBuildConfiguration;
			buildSettings = {
				ALWAYS_SEARCH_USER_PATHS = NO;
				ASSETCATALOG_COMPILER_GENERATE_SWIFT_ASSET_SYMBOL_EXTENSIONS = YES;
				CLANG_ANALYZER_NONNULL = YES;
				CLANG_ANALYZER_NUMBER_OBJECT_CONVERSION = YES_AGGRESSIVE;
				CLANG_CXX_LANGUAGE_STANDARD = "gnu++20";
				CLANG_ENABLE_MODULES = YES;
				CLANG_ENABLE_OBJC_ARC = YES;
				CLANG_ENABLE_OBJC_WEAK = YES;
				CLANG_WARN_BLOCK_CAPTURE_AUTORELEASING = YES;
				CLANG_WARN_BOOL_CONVERSION = YES;
				CLANG_WARN_COMMA = YES;
				CLANG_WARN_CONSTANT_CONVERSION = YES;
				CLANG_WARN_DEPRECATED_OBJC_IMPLEMENTATIONS = YES;
				CLANG_WARN_DIRECT_OBJC_ISA_USAGE = YES_ERROR;
				CLANG_WARN_DOCUMENTATION_COMMENTS = YES;
				CLANG_WARN_EMPTY_BODY = YES;
				CLANG_WARN_ENUM_CONVERSION = YES;
				CLANG_WARN_INFINITE_RECURSION = YES;
				CLANG_WARN_INT_CONVERSION = YES;
				CLANG_WARN_NON_LITERAL_NULL_CONVERSION = YES;
				CLANG_WARN_OBJC_IMPLICIT_RETAIN_SELF = YES;
				CLANG_WARN_OBJC_LITERAL_CONVERSION = YES;
				CLANG_WARN_OBJC_ROOT_CLASS = YES_ERROR;
				CLANG_WARN_QUOTED_INCLUDE_IN_FRAMEWORK_HEADER = YES;
				CLANG_WARN_RANGE_LOOP_ANALYSIS = YES;
				CLANG_WARN_STRICT_PROTOTYPES = YES;
				CLANG_WARN_SUSPICIOUS_MOVE = YES;
				CLANG_WARN_UNGUARDED_AVAILABILITY = YES_AGGRESSIVE;
				CLANG_WARN_UNREACHABLE_CODE = YES;
				CLANG_WARN__DUPLICATE_METHOD_MATCH = YES;
				COPY_PHASE_STRIP = NO;
				DEBUG_INFORMATION_FORMAT = "dwarf-with-dsym";
				ENABLE_NS_ASSERTIONS = NO;
				ENABLE_STRICT_OBJC_MSGSEND = YES;
				ENABLE_USER_SCRIPT_SANDBOXING = YES;
				GCC_C_LANGUAGE_STANDARD = gnu17;
				GCC_NO_COMMON_BLOCKS = YES;
				GCC_WARN_64_TO_32_BIT_CONVERSION = YES;
				GCC_WARN_ABOUT_RETURN_TYPE = YES_ERROR;
				GCC_WARN_UNDECLARED_SELECTOR = YES;
				GCC_WARN_UNINITIALIZED_AUTOS = YES_AGGRESSIVE;
				GCC_WARN_UNUSED_FUNCTION = YES;
				GCC_WARN_UNUSED_VARIABLE = YES;
				IPHONEOS_DEPLOYMENT_TARGET = 17.4;
				LOCALIZATION_PREFERS_STRING_CATALOGS = YES;
				MTL_ENABLE_DEBUG_INFO = NO;
				MTL_FAST_MATH = YES;
				SDKROOT = iphoneos;
				SWIFT_COMPILATION_MODE = wholemodule;
				VALIDATE_PRODUCT = YES;
			};
			name = Release;
		};
		A54998732BC71AA90059D754 /* Debug */ = {
			isa = XCBuildConfiguration;
			buildSettings = {
				ASSETCATALOG_COMPILER_APPICON_NAME = AppIcon;
				ASSETCATALOG_COMPILER_GLOBAL_ACCENT_COLOR_NAME = AccentColor;
				CODE_SIGN_STYLE = Automatic;
				CURRENT_PROJECT_VERSION = 1;
				DEVELOPMENT_TEAM = 24499S849C;
				GENERATE_INFOPLIST_FILE = YES;
				INFOPLIST_FILE = app_store.proje/Info.plist;
				INFOPLIST_KEY_UIApplicationSupportsIndirectInputEvents = YES;
				INFOPLIST_KEY_UILaunchStoryboardName = LaunchScreen;
				INFOPLIST_KEY_UIMainStoryboardFile = "";
				INFOPLIST_KEY_UISupportedInterfaceOrientations_iPad = "UIInterfaceOrientationPortrait UIInterfaceOrientationPortraitUpsideDown UIInterfaceOrientationLandscapeLeft UIInterfaceOrientationLandscapeRight";
				INFOPLIST_KEY_UISupportedInterfaceOrientations_iPhone = "UIInterfaceOrientationPortrait UIInterfaceOrientationLandscapeLeft UIInterfaceOrientationLandscapeRight";
				IPHONEOS_DEPLOYMENT_TARGET = 15.0;
				LD_RUNPATH_SEARCH_PATHS = (
					"$(inherited)",
					"@executable_path/Frameworks",
				);
				MARKETING_VERSION = 1.0;
				PRODUCT_BUNDLE_IDENTIFIER = "com.teyfikyilmaz.app-store-proje";
				PRODUCT_NAME = "$(TARGET_NAME)";
				SWIFT_EMIT_LOC_STRINGS = YES;
				SWIFT_VERSION = 5.0;
				TARGETED_DEVICE_FAMILY = "1,2";
			};
			name = Debug;
		};
		A54998742BC71AA90059D754 /* Release */ = {
			isa = XCBuildConfiguration;
			buildSettings = {
				ASSETCATALOG_COMPILER_APPICON_NAME = AppIcon;
				ASSETCATALOG_COMPILER_GLOBAL_ACCENT_COLOR_NAME = AccentColor;
				CODE_SIGN_STYLE = Automatic;
				CURRENT_PROJECT_VERSION = 1;
				DEVELOPMENT_TEAM = 24499S849C;
				GENERATE_INFOPLIST_FILE = YES;
				INFOPLIST_FILE = app_store.proje/Info.plist;
				INFOPLIST_KEY_UIApplicationSupportsIndirectInputEvents = YES;
				INFOPLIST_KEY_UILaunchStoryboardName = LaunchScreen;
				INFOPLIST_KEY_UIMainStoryboardFile = "";
				INFOPLIST_KEY_UISupportedInterfaceOrientations_iPad = "UIInterfaceOrientationPortrait UIInterfaceOrientationPortraitUpsideDown UIInterfaceOrientationLandscapeLeft UIInterfaceOrientationLandscapeRight";
				INFOPLIST_KEY_UISupportedInterfaceOrientations_iPhone = "UIInterfaceOrientationPortrait UIInterfaceOrientationLandscapeLeft UIInterfaceOrientationLandscapeRight";
				IPHONEOS_DEPLOYMENT_TARGET = 15.0;
				LD_RUNPATH_SEARCH_PATHS = (
					"$(inherited)",
					"@executable_path/Frameworks",
				);
				MARKETING_VERSION = 1.0;
				PRODUCT_BUNDLE_IDENTIFIER = "com.teyfikyilmaz.app-store-proje";
				PRODUCT_NAME = "$(TARGET_NAME)";
				SWIFT_EMIT_LOC_STRINGS = YES;
				SWIFT_VERSION = 5.0;
				TARGETED_DEVICE_FAMILY = "1,2";
			};
			name = Release;
		};
/* End XCBuildConfiguration section */

/* Begin XCConfigurationList section */
		A54998592BC71AA70059D754 /* Build configuration list for PBXProject "app_store.proje" */ = {
			isa = XCConfigurationList;
			buildConfigurations = (
				A54998702BC71AA90059D754 /* Debug */,
				A54998712BC71AA90059D754 /* Release */,
			);
			defaultConfigurationIsVisible = 0;
			defaultConfigurationName = Release;
		};
		A54998722BC71AA90059D754 /* Build configuration list for PBXNativeTarget "app_store.proje" */ = {
			isa = XCConfigurationList;
			buildConfigurations = (
				A54998732BC71AA90059D754 /* Debug */,
				A54998742BC71AA90059D754 /* Release */,
			);
			defaultConfigurationIsVisible = 0;
			defaultConfigurationName = Release;
		};
/* End XCConfigurationList section */
	};
	rootObject = A54998562BC71AA70059D754 /* Project object */;
}
